
Microsoft Visual Studio Solution File, Format Version 12.00
# Visual Studio 15
VisualStudioVersion = 15.0.28307.489
MinimumVisualStudioVersion = 10.0.40219.1
Project("{9A19103F-16F7-4668-BE54-9A1E7A4F7556}") = "OFood", "OFood\OFood.csproj", "{C9C93B24-61C3-4FE0-92F2-C90D0542CA64}"
EndProject
Project("{FAE04EC0-301F-11D3-BF4B-00C04F79EFBC}") = "OFood.Log4Net", "OFood.Log4Net\OFood.Log4Net.csproj", "{7A940B2B-D9FF-4613-B1B3-E7C2DD758E1E}"
EndProject
Global
	GlobalSection(SolutionConfigurationPlatforms) = preSolution
		Debug|Any CPU = Debug|Any CPU
		Release|Any CPU = Release|Any CPU
	EndGlobalSection
	GlobalSection(ProjectConfigurationPlatforms) = postSolution
		{C9C93B24-61C3-4FE0-92F2-C90D0542CA64}.Debug|Any CPU.ActiveCfg = Debug|Any CPU
		{C9C93B24-61C3-4FE0-92F2-C90D0542CA64}.Debug|Any CPU.Build.0 = Debug|Any CPU
		{C9C93B24-61C3-4FE0-92F2-C90D0542CA64}.Release|Any CPU.ActiveCfg = Release|Any CPU
		{C9C93B24-61C3-4FE0-92F2-C90D0542CA64}.Release|Any CPU.Build.0 = Release|Any CPU
		{7A940B2B-D9FF-4613-B1B3-E7C2DD758E1E}.Debug|Any CPU.ActiveCfg = Debug|Any CPU
		{7A940B2B-D9FF-4613-B1B3-E7C2DD758E1E}.Debug|Any CPU.Build.0 = Debug|Any CPU
		{7A940B2B-D9FF-4613-B1B3-E7C2DD758E1E}.Release|Any CPU.ActiveCfg = Release|Any CPU
		{7A940B2B-D9FF-4613-B1B3-E7C2DD758E1E}.Release|Any CPU.Build.0 = Release|Any CPU
	EndGlobalSection
	GlobalSection(SolutionProperties) = preSolution
		HideSolutionNode = FALSE
	EndGlobalSection
	GlobalSection(ExtensibilityGlobals) = postSolution
		SolutionGuid = {196C03B4-DF1D-4CC5-A97D-F713428FB29C}
	EndGlobalSection
EndGlobal
